
Microsoft Visual Studio Solution File, Format Version 12.00
# Visual Studio Version 17
VisualStudioVersion = 17.5.33424.131
MinimumVisualStudioVersion = 10.0.40219.1
Project("{FAE04EC0-301F-11D3-BF4B-00C04F79EFBC}") = "ListStackQueue", "ListStackQueue\ListStackQueue.csproj", "{CA0D49A9-3C04-4B67-8B0B-81C707518DA0}"
EndProject
Global
	GlobalSection(SolutionConfigurationPlatforms) = preSolution
		Debug|Any CPU = Debug|Any CPU
		Release|Any CPU = Release|Any CPU
	EndGlobalSection
	GlobalSection(ProjectConfigurationPlatforms) = postSolution
		{CA0D49A9-3C04-4B67-8B0B-81C707518DA0}.Debug|Any CPU.ActiveCfg = Debug|Any CPU
		{CA0D49A9-3C04-4B67-8B0B-81C707518DA0}.Debug|Any CPU.Build.0 = Debug|Any CPU
		{CA0D49A9-3C04-4B67-8B0B-81C707518DA0}.Release|Any CPU.ActiveCfg = Release|Any CPU
		{CA0D49A9-3C04-4B67-8B0B-81C707518DA0}.Release|Any CPU.Build.0 = Release|Any CPU
	EndGlobalSection
	GlobalSection(SolutionProperties) = preSolution
		HideSolutionNode = FALSE
	EndGlobalSection
	GlobalSection(ExtensibilityGlobals) = postSolution
		SolutionGuid = {98A57503-13EF-4753-BC76-486546178804}
	EndGlobalSection
EndGlobal
