
Microsoft Visual Studio Solution File, Format Version 12.00
# Visual Studio Version 17
VisualStudioVersion = 17.5.33424.131
MinimumVisualStudioVersion = 10.0.40219.1
Project("{FAE04EC0-301F-11D3-BF4B-00C04F79EFBC}") = "RezolvareSisteme", "RezolvareSisteme\RezolvareSisteme.csproj", "{8CF4181D-D559-4DF1-9DCE-7895017D2C49}"
EndProject
Global
	GlobalSection(SolutionConfigurationPlatforms) = preSolution
		Debug|Any CPU = Debug|Any CPU
		Release|Any CPU = Release|Any CPU
	EndGlobalSection
	GlobalSection(ProjectConfigurationPlatforms) = postSolution
		{8CF4181D-D559-4DF1-9DCE-7895017D2C49}.Debug|Any CPU.ActiveCfg = Debug|Any CPU
		{8CF4181D-D559-4DF1-9DCE-7895017D2C49}.Debug|Any CPU.Build.0 = Debug|Any CPU
		{8CF4181D-D559-4DF1-9DCE-7895017D2C49}.Release|Any CPU.ActiveCfg = Release|Any CPU
		{8CF4181D-D559-4DF1-9DCE-7895017D2C49}.Release|Any CPU.Build.0 = Release|Any CPU
	EndGlobalSection
	GlobalSection(SolutionProperties) = preSolution
		HideSolutionNode = FALSE
	EndGlobalSection
	GlobalSection(ExtensibilityGlobals) = postSolution
		SolutionGuid = {5E6D2AD4-A89E-45C5-BED9-C9B0298E2DCB}
	EndGlobalSection
EndGlobal
