
Microsoft Visual Studio Solution File, Format Version 12.00
# Visual Studio Version 17
VisualStudioVersion = 17.5.33424.131
MinimumVisualStudioVersion = 10.0.40219.1
Project("{FAE04EC0-301F-11D3-BF4B-00C04F79EFBC}") = "Cub", "Cub\Cub.csproj", "{A506151C-FCBE-4AE0-8D6B-DA6EED0A5D89}"
EndProject
Global
	GlobalSection(SolutionConfigurationPlatforms) = preSolution
		Debug|Any CPU = Debug|Any CPU
		Release|Any CPU = Release|Any CPU
	EndGlobalSection
	GlobalSection(ProjectConfigurationPlatforms) = postSolution
		{A506151C-FCBE-4AE0-8D6B-DA6EED0A5D89}.Debug|Any CPU.ActiveCfg = Debug|Any CPU
		{A506151C-FCBE-4AE0-8D6B-DA6EED0A5D89}.Debug|Any CPU.Build.0 = Debug|Any CPU
		{A506151C-FCBE-4AE0-8D6B-DA6EED0A5D89}.Release|Any CPU.ActiveCfg = Release|Any CPU
		{A506151C-FCBE-4AE0-8D6B-DA6EED0A5D89}.Release|Any CPU.Build.0 = Release|Any CPU
	EndGlobalSection
	GlobalSection(SolutionProperties) = preSolution
		HideSolutionNode = FALSE
	EndGlobalSection
	GlobalSection(ExtensibilityGlobals) = postSolution
		SolutionGuid = {2BED999B-5E8B-46AB-9964-CDDDA4DD3FC8}
	EndGlobalSection
EndGlobal
