
Microsoft Visual Studio Solution File, Format Version 12.00
# Visual Studio Version 17
VisualStudioVersion = 17.5.33424.131
MinimumVisualStudioVersion = 10.0.40219.1
Project("{FAE04EC0-301F-11D3-BF4B-00C04F79EFBC}") = "AparitiiCifre", "AparitiiCifre\AparitiiCifre.csproj", "{A5B188EA-8CFD-4C01-A7A1-DEB72A75A0D1}"
EndProject
Global
	GlobalSection(SolutionConfigurationPlatforms) = preSolution
		Debug|Any CPU = Debug|Any CPU
		Release|Any CPU = Release|Any CPU
	EndGlobalSection
	GlobalSection(ProjectConfigurationPlatforms) = postSolution
		{A5B188EA-8CFD-4C01-A7A1-DEB72A75A0D1}.Debug|Any CPU.ActiveCfg = Debug|Any CPU
		{A5B188EA-8CFD-4C01-A7A1-DEB72A75A0D1}.Debug|Any CPU.Build.0 = Debug|Any CPU
		{A5B188EA-8CFD-4C01-A7A1-DEB72A75A0D1}.Release|Any CPU.ActiveCfg = Release|Any CPU
		{A5B188EA-8CFD-4C01-A7A1-DEB72A75A0D1}.Release|Any CPU.Build.0 = Release|Any CPU
	EndGlobalSection
	GlobalSection(SolutionProperties) = preSolution
		HideSolutionNode = FALSE
	EndGlobalSection
	GlobalSection(ExtensibilityGlobals) = postSolution
		SolutionGuid = {0CE56F0D-CE2B-4138-8AE5-935357D556C8}
	EndGlobalSection
EndGlobal
