
Microsoft Visual Studio Solution File, Format Version 12.00
# Visual Studio Version 17
VisualStudioVersion = 17.5.33424.131
MinimumVisualStudioVersion = 10.0.40219.1
Project("{FAE04EC0-301F-11D3-BF4B-00C04F79EFBC}") = "MatriciVizual", "MatriciVizual\MatriciVizual.csproj", "{FD7A71F1-2819-423B-BCE8-CAB00A18E552}"
EndProject
Global
	GlobalSection(SolutionConfigurationPlatforms) = preSolution
		Debug|Any CPU = Debug|Any CPU
		Release|Any CPU = Release|Any CPU
	EndGlobalSection
	GlobalSection(ProjectConfigurationPlatforms) = postSolution
		{FD7A71F1-2819-423B-BCE8-CAB00A18E552}.Debug|Any CPU.ActiveCfg = Debug|Any CPU
		{FD7A71F1-2819-423B-BCE8-CAB00A18E552}.Debug|Any CPU.Build.0 = Debug|Any CPU
		{FD7A71F1-2819-423B-BCE8-CAB00A18E552}.Release|Any CPU.ActiveCfg = Release|Any CPU
		{FD7A71F1-2819-423B-BCE8-CAB00A18E552}.Release|Any CPU.Build.0 = Release|Any CPU
	EndGlobalSection
	GlobalSection(SolutionProperties) = preSolution
		HideSolutionNode = FALSE
	EndGlobalSection
	GlobalSection(ExtensibilityGlobals) = postSolution
		SolutionGuid = {0DC470F9-E8BB-4DE1-ABE5-062B31B36A15}
	EndGlobalSection
EndGlobal
